
Microsoft Visual Studio Solution File, Format Version 12.00
# Visual Studio Version 16
VisualStudioVersion = 16.0.32002.261
MinimumVisualStudioVersion = 10.0.40219.1
Project("{FAE04EC0-301F-11D3-BF4B-00C04F79EFBC}") = "letworldknow", "letworldknow\letworldknow.csproj", "{79D0FFAF-27ED-49D7-A8C7-1EA7D8E67FE7}"
EndProject
Global
	GlobalSection(SolutionConfigurationPlatforms) = preSolution
		Debug|Any CPU = Debug|Any CPU
		Release|Any CPU = Release|Any CPU
	EndGlobalSection
	GlobalSection(ProjectConfigurationPlatforms) = postSolution
		{79D0FFAF-27ED-49D7-A8C7-1EA7D8E67FE7}.Debug|Any CPU.ActiveCfg = Debug|Any CPU
		{79D0FFAF-27ED-49D7-A8C7-1EA7D8E67FE7}.Debug|Any CPU.Build.0 = Debug|Any CPU
		{79D0FFAF-27ED-49D7-A8C7-1EA7D8E67FE7}.Release|Any CPU.ActiveCfg = Release|Any CPU
		{79D0FFAF-27ED-49D7-A8C7-1EA7D8E67FE7}.Release|Any CPU.Build.0 = Release|Any CPU
	EndGlobalSection
	GlobalSection(SolutionProperties) = preSolution
		HideSolutionNode = FALSE
	EndGlobalSection
	GlobalSection(ExtensibilityGlobals) = postSolution
		SolutionGuid = {5B555E5D-FFBF-4E98-BFCE-04F6A1095080}
	EndGlobalSection
EndGlobal
